
Microsoft Visual Studio Solution File, Format Version 12.00
# Visual Studio Version 16
VisualStudioVersion = 16.0.29411.108
MinimumVisualStudioVersion = 10.0.40219.1
Project("{FAE04EC0-301F-11D3-BF4B-00C04F79EFBC}") = "City2BIM", "City2BIM\City2BIM.csproj", "{1AF486E9-ED18-492C-8400-3B446BC9390D}"
EndProject
Project("{FAE04EC0-301F-11D3-BF4B-00C04F79EFBC}") = "City2IFC", "City2IFC\City2IFC.csproj", "{702FB5FF-EA0F-442E-B7F0-5777B7B824C9}"
EndProject
Project("{FAE04EC0-301F-11D3-BF4B-00C04F79EFBC}") = "City2RVT", "City2RVT\City2RVT.csproj", "{BE8F677A-59A8-4EA5-89C8-706E6C6A07A4}"
EndProject
Global
	GlobalSection(SolutionConfigurationPlatforms) = preSolution
		Debug|Any CPU = Debug|Any CPU
		Debug|x64 = Debug|x64
		Release|Any CPU = Release|Any CPU
		Release|x64 = Release|x64
	EndGlobalSection
	GlobalSection(ProjectConfigurationPlatforms) = postSolution
		{1AF486E9-ED18-492C-8400-3B446BC9390D}.Debug|Any CPU.ActiveCfg = Debug|Any CPU
		{1AF486E9-ED18-492C-8400-3B446BC9390D}.Debug|Any CPU.Build.0 = Debug|Any CPU
		{1AF486E9-ED18-492C-8400-3B446BC9390D}.Debug|x64.ActiveCfg = Debug|x64
		{1AF486E9-ED18-492C-8400-3B446BC9390D}.Debug|x64.Build.0 = Debug|x64
		{1AF486E9-ED18-492C-8400-3B446BC9390D}.Release|Any CPU.ActiveCfg = Release|Any CPU
		{1AF486E9-ED18-492C-8400-3B446BC9390D}.Release|Any CPU.Build.0 = Release|Any CPU
		{1AF486E9-ED18-492C-8400-3B446BC9390D}.Release|x64.ActiveCfg = Release|x64
		{1AF486E9-ED18-492C-8400-3B446BC9390D}.Release|x64.Build.0 = Release|x64
		{702FB5FF-EA0F-442E-B7F0-5777B7B824C9}.Debug|Any CPU.ActiveCfg = Debug|Any CPU
		{702FB5FF-EA0F-442E-B7F0-5777B7B824C9}.Debug|Any CPU.Build.0 = Debug|Any CPU
		{702FB5FF-EA0F-442E-B7F0-5777B7B824C9}.Debug|x64.ActiveCfg = Debug|Any CPU
		{702FB5FF-EA0F-442E-B7F0-5777B7B824C9}.Debug|x64.Build.0 = Debug|Any CPU
		{702FB5FF-EA0F-442E-B7F0-5777B7B824C9}.Release|Any CPU.ActiveCfg = Release|Any CPU
		{702FB5FF-EA0F-442E-B7F0-5777B7B824C9}.Release|Any CPU.Build.0 = Release|Any CPU
		{702FB5FF-EA0F-442E-B7F0-5777B7B824C9}.Release|x64.ActiveCfg = Release|Any CPU
		{702FB5FF-EA0F-442E-B7F0-5777B7B824C9}.Release|x64.Build.0 = Release|Any CPU
		{BE8F677A-59A8-4EA5-89C8-706E6C6A07A4}.Debug|Any CPU.ActiveCfg = Debug|Any CPU
		{BE8F677A-59A8-4EA5-89C8-706E6C6A07A4}.Debug|Any CPU.Build.0 = Debug|Any CPU
		{BE8F677A-59A8-4EA5-89C8-706E6C6A07A4}.Debug|x64.ActiveCfg = Debug|Any CPU
		{BE8F677A-59A8-4EA5-89C8-706E6C6A07A4}.Debug|x64.Build.0 = Debug|Any CPU
		{BE8F677A-59A8-4EA5-89C8-706E6C6A07A4}.Release|Any CPU.ActiveCfg = Release|Any CPU
		{BE8F677A-59A8-4EA5-89C8-706E6C6A07A4}.Release|Any CPU.Build.0 = Release|Any CPU
		{BE8F677A-59A8-4EA5-89C8-706E6C6A07A4}.Release|x64.ActiveCfg = Release|Any CPU
		{BE8F677A-59A8-4EA5-89C8-706E6C6A07A4}.Release|x64.Build.0 = Release|Any CPU
	EndGlobalSection
	GlobalSection(SolutionProperties) = preSolution
		HideSolutionNode = FALSE
	EndGlobalSection
	GlobalSection(ExtensibilityGlobals) = postSolution
		SolutionGuid = {61BA7C80-7FF9-4455-89D1-541C7BD5F76A}
	EndGlobalSection
EndGlobal
