
Microsoft Visual Studio Solution File, Format Version 12.00
# Visual Studio Version 16
VisualStudioVersion = 16.0.29911.84
MinimumVisualStudioVersion = 10.0.40219.1
Project("{FAE04EC0-301F-11D3-BF4B-00C04F79EFBC}") = "CityBIM", "City2RVT\CityBIM.csproj", "{BE8F677A-59A8-4EA5-89C8-706E6C6A07A4}"
EndProject
Project("{FAE04EC0-301F-11D3-BF4B-00C04F79EFBC}") = "BIMGISInteropLibs", "BIMGISInteropLibs\BIMGISInteropLibs.csproj", "{1AF486E9-ED18-492C-8400-3B446BC9390D}"
EndProject
Project("{FAE04EC0-301F-11D3-BF4B-00C04F79EFBC}") = "IFCTerrainGUI", "IFCTerrainGUI\IFCTerrainGUI.csproj", "{E898E701-4CEA-48B5-923D-CE85D393BC76}"
EndProject
Project("{FAE04EC0-301F-11D3-BF4B-00C04F79EFBC}") = "IFCTerrainCommand", "IFCTerrainCommand\IFCTerrainCommand.csproj", "{1DD59F9E-5B3C-47C6-ABF0-7151F379985F}"
EndProject
Project("{9A19103F-16F7-4668-BE54-9A1E7A4F7556}") = "BimGisCad", "BimGisCad\BimGisCad.csproj", "{4DAFBBD2-AD9C-4E52-9219-7E4F6E30866B}"
EndProject
Project("{FAE04EC0-301F-11D3-BF4B-00C04F79EFBC}") = "GuiHandler", "GuiHandler\GuiHandler.csproj", "{24352448-2CAB-4638-B4DB-326539381408}"
EndProject
Project("{54435603-DBB4-11D2-8724-00A0C9A8B90C}") = "Setup_Revit_2021", "Setup_Revit_2021\Setup_Revit_2021.vdproj", "{2CCFA139-BADA-42E5-806F-0BB64326B182}"
EndProject
Project("{930C7802-8A8C-48F9-8165-68863BCCD9DD}") = "CityBIM_Installer", "CityBIM_Installer\CityBIM_Installer.wixproj", "{20AABEFC-CF46-4794-BA53-F9AD8AA100FB}"
EndProject
Global
	GlobalSection(SolutionConfigurationPlatforms) = preSolution
		Debug|Any CPU = Debug|Any CPU
		Debug|x64 = Debug|x64
		Debug|x86 = Debug|x86
		Release|Any CPU = Release|Any CPU
		Release|x64 = Release|x64
		Release|x86 = Release|x86
	EndGlobalSection
	GlobalSection(ProjectConfigurationPlatforms) = postSolution
		{BE8F677A-59A8-4EA5-89C8-706E6C6A07A4}.Debug|Any CPU.ActiveCfg = Debug|Any CPU
		{BE8F677A-59A8-4EA5-89C8-706E6C6A07A4}.Debug|Any CPU.Build.0 = Debug|Any CPU
		{BE8F677A-59A8-4EA5-89C8-706E6C6A07A4}.Debug|x64.ActiveCfg = Debug|Any CPU
		{BE8F677A-59A8-4EA5-89C8-706E6C6A07A4}.Debug|x64.Build.0 = Debug|Any CPU
		{BE8F677A-59A8-4EA5-89C8-706E6C6A07A4}.Debug|x86.ActiveCfg = Debug|Any CPU
		{BE8F677A-59A8-4EA5-89C8-706E6C6A07A4}.Debug|x86.Build.0 = Debug|Any CPU
		{BE8F677A-59A8-4EA5-89C8-706E6C6A07A4}.Release|Any CPU.ActiveCfg = Release|Any CPU
		{BE8F677A-59A8-4EA5-89C8-706E6C6A07A4}.Release|Any CPU.Build.0 = Release|Any CPU
		{BE8F677A-59A8-4EA5-89C8-706E6C6A07A4}.Release|x64.ActiveCfg = Release|x64
		{BE8F677A-59A8-4EA5-89C8-706E6C6A07A4}.Release|x64.Build.0 = Release|x64
		{BE8F677A-59A8-4EA5-89C8-706E6C6A07A4}.Release|x86.ActiveCfg = Release|Any CPU
		{BE8F677A-59A8-4EA5-89C8-706E6C6A07A4}.Release|x86.Build.0 = Release|Any CPU
		{1AF486E9-ED18-492C-8400-3B446BC9390D}.Debug|Any CPU.ActiveCfg = Debug|Any CPU
		{1AF486E9-ED18-492C-8400-3B446BC9390D}.Debug|Any CPU.Build.0 = Debug|Any CPU
		{1AF486E9-ED18-492C-8400-3B446BC9390D}.Debug|x64.ActiveCfg = Debug|x64
		{1AF486E9-ED18-492C-8400-3B446BC9390D}.Debug|x64.Build.0 = Debug|x64
		{1AF486E9-ED18-492C-8400-3B446BC9390D}.Debug|x86.ActiveCfg = Debug|Any CPU
		{1AF486E9-ED18-492C-8400-3B446BC9390D}.Debug|x86.Build.0 = Debug|Any CPU
		{1AF486E9-ED18-492C-8400-3B446BC9390D}.Release|Any CPU.ActiveCfg = Release|Any CPU
		{1AF486E9-ED18-492C-8400-3B446BC9390D}.Release|Any CPU.Build.0 = Release|Any CPU
		{1AF486E9-ED18-492C-8400-3B446BC9390D}.Release|x64.ActiveCfg = Release|x64
		{1AF486E9-ED18-492C-8400-3B446BC9390D}.Release|x64.Build.0 = Release|x64
		{1AF486E9-ED18-492C-8400-3B446BC9390D}.Release|x86.ActiveCfg = Release|Any CPU
		{1AF486E9-ED18-492C-8400-3B446BC9390D}.Release|x86.Build.0 = Release|Any CPU
		{E898E701-4CEA-48B5-923D-CE85D393BC76}.Debug|Any CPU.ActiveCfg = Debug|Any CPU
		{E898E701-4CEA-48B5-923D-CE85D393BC76}.Debug|Any CPU.Build.0 = Debug|Any CPU
		{E898E701-4CEA-48B5-923D-CE85D393BC76}.Debug|x64.ActiveCfg = Debug|Any CPU
		{E898E701-4CEA-48B5-923D-CE85D393BC76}.Debug|x64.Build.0 = Debug|Any CPU
		{E898E701-4CEA-48B5-923D-CE85D393BC76}.Debug|x86.ActiveCfg = Debug|Any CPU
		{E898E701-4CEA-48B5-923D-CE85D393BC76}.Debug|x86.Build.0 = Debug|Any CPU
		{E898E701-4CEA-48B5-923D-CE85D393BC76}.Release|Any CPU.ActiveCfg = Release|Any CPU
		{E898E701-4CEA-48B5-923D-CE85D393BC76}.Release|Any CPU.Build.0 = Release|Any CPU
		{E898E701-4CEA-48B5-923D-CE85D393BC76}.Release|x64.ActiveCfg = Release|Any CPU
		{E898E701-4CEA-48B5-923D-CE85D393BC76}.Release|x64.Build.0 = Release|Any CPU
		{E898E701-4CEA-48B5-923D-CE85D393BC76}.Release|x86.ActiveCfg = Release|Any CPU
		{E898E701-4CEA-48B5-923D-CE85D393BC76}.Release|x86.Build.0 = Release|Any CPU
		{1DD59F9E-5B3C-47C6-ABF0-7151F379985F}.Debug|Any CPU.ActiveCfg = Debug|Any CPU
		{1DD59F9E-5B3C-47C6-ABF0-7151F379985F}.Debug|Any CPU.Build.0 = Debug|Any CPU
		{1DD59F9E-5B3C-47C6-ABF0-7151F379985F}.Debug|x64.ActiveCfg = Debug|Any CPU
		{1DD59F9E-5B3C-47C6-ABF0-7151F379985F}.Debug|x64.Build.0 = Debug|Any CPU
		{1DD59F9E-5B3C-47C6-ABF0-7151F379985F}.Debug|x86.ActiveCfg = Debug|Any CPU
		{1DD59F9E-5B3C-47C6-ABF0-7151F379985F}.Debug|x86.Build.0 = Debug|Any CPU
		{1DD59F9E-5B3C-47C6-ABF0-7151F379985F}.Release|Any CPU.ActiveCfg = Release|Any CPU
		{1DD59F9E-5B3C-47C6-ABF0-7151F379985F}.Release|Any CPU.Build.0 = Release|Any CPU
		{1DD59F9E-5B3C-47C6-ABF0-7151F379985F}.Release|x64.ActiveCfg = Release|Any CPU
		{1DD59F9E-5B3C-47C6-ABF0-7151F379985F}.Release|x64.Build.0 = Release|Any CPU
		{1DD59F9E-5B3C-47C6-ABF0-7151F379985F}.Release|x86.ActiveCfg = Release|Any CPU
		{1DD59F9E-5B3C-47C6-ABF0-7151F379985F}.Release|x86.Build.0 = Release|Any CPU
		{4DAFBBD2-AD9C-4E52-9219-7E4F6E30866B}.Debug|Any CPU.ActiveCfg = Debug|Any CPU
		{4DAFBBD2-AD9C-4E52-9219-7E4F6E30866B}.Debug|Any CPU.Build.0 = Debug|Any CPU
		{4DAFBBD2-AD9C-4E52-9219-7E4F6E30866B}.Debug|x64.ActiveCfg = Debug|x64
		{4DAFBBD2-AD9C-4E52-9219-7E4F6E30866B}.Debug|x64.Build.0 = Debug|x64
		{4DAFBBD2-AD9C-4E52-9219-7E4F6E30866B}.Debug|x86.ActiveCfg = Debug|Any CPU
		{4DAFBBD2-AD9C-4E52-9219-7E4F6E30866B}.Debug|x86.Build.0 = Debug|Any CPU
		{4DAFBBD2-AD9C-4E52-9219-7E4F6E30866B}.Release|Any CPU.ActiveCfg = Release|Any CPU
		{4DAFBBD2-AD9C-4E52-9219-7E4F6E30866B}.Release|Any CPU.Build.0 = Release|Any CPU
		{4DAFBBD2-AD9C-4E52-9219-7E4F6E30866B}.Release|x64.ActiveCfg = Release|x64
		{4DAFBBD2-AD9C-4E52-9219-7E4F6E30866B}.Release|x64.Build.0 = Release|x64
		{4DAFBBD2-AD9C-4E52-9219-7E4F6E30866B}.Release|x86.ActiveCfg = Release|Any CPU
		{4DAFBBD2-AD9C-4E52-9219-7E4F6E30866B}.Release|x86.Build.0 = Release|Any CPU
		{24352448-2CAB-4638-B4DB-326539381408}.Debug|Any CPU.ActiveCfg = Debug|Any CPU
		{24352448-2CAB-4638-B4DB-326539381408}.Debug|Any CPU.Build.0 = Debug|Any CPU
		{24352448-2CAB-4638-B4DB-326539381408}.Debug|x64.ActiveCfg = Debug|Any CPU
		{24352448-2CAB-4638-B4DB-326539381408}.Debug|x64.Build.0 = Debug|Any CPU
		{24352448-2CAB-4638-B4DB-326539381408}.Debug|x86.ActiveCfg = Debug|Any CPU
		{24352448-2CAB-4638-B4DB-326539381408}.Debug|x86.Build.0 = Debug|Any CPU
		{24352448-2CAB-4638-B4DB-326539381408}.Release|Any CPU.ActiveCfg = Release|Any CPU
		{24352448-2CAB-4638-B4DB-326539381408}.Release|Any CPU.Build.0 = Release|Any CPU
		{24352448-2CAB-4638-B4DB-326539381408}.Release|x64.ActiveCfg = Release|Any CPU
		{24352448-2CAB-4638-B4DB-326539381408}.Release|x64.Build.0 = Release|Any CPU
		{24352448-2CAB-4638-B4DB-326539381408}.Release|x86.ActiveCfg = Release|Any CPU
		{24352448-2CAB-4638-B4DB-326539381408}.Release|x86.Build.0 = Release|Any CPU
		{2CCFA139-BADA-42E5-806F-0BB64326B182}.Debug|Any CPU.ActiveCfg = Debug
		{2CCFA139-BADA-42E5-806F-0BB64326B182}.Debug|x64.ActiveCfg = Debug
		{2CCFA139-BADA-42E5-806F-0BB64326B182}.Debug|x86.ActiveCfg = Debug
		{2CCFA139-BADA-42E5-806F-0BB64326B182}.Debug|x86.Build.0 = Debug
		{2CCFA139-BADA-42E5-806F-0BB64326B182}.Release|Any CPU.ActiveCfg = Release
		{2CCFA139-BADA-42E5-806F-0BB64326B182}.Release|x64.ActiveCfg = Release
		{2CCFA139-BADA-42E5-806F-0BB64326B182}.Release|x86.ActiveCfg = Release
		{2CCFA139-BADA-42E5-806F-0BB64326B182}.Release|x86.Build.0 = Release
		{20AABEFC-CF46-4794-BA53-F9AD8AA100FB}.Debug|Any CPU.ActiveCfg = Debug|x86
		{20AABEFC-CF46-4794-BA53-F9AD8AA100FB}.Debug|x64.ActiveCfg = Debug|x86
		{20AABEFC-CF46-4794-BA53-F9AD8AA100FB}.Debug|x86.ActiveCfg = Debug|x86
		{20AABEFC-CF46-4794-BA53-F9AD8AA100FB}.Debug|x86.Build.0 = Debug|x86
		{20AABEFC-CF46-4794-BA53-F9AD8AA100FB}.Release|Any CPU.ActiveCfg = Release|x86
		{20AABEFC-CF46-4794-BA53-F9AD8AA100FB}.Release|x64.ActiveCfg = Release|x86
		{20AABEFC-CF46-4794-BA53-F9AD8AA100FB}.Release|x86.ActiveCfg = Release|x86
		{20AABEFC-CF46-4794-BA53-F9AD8AA100FB}.Release|x86.Build.0 = Release|x86
	EndGlobalSection
	GlobalSection(SolutionProperties) = preSolution
		HideSolutionNode = FALSE
	EndGlobalSection
	GlobalSection(ExtensibilityGlobals) = postSolution
		SolutionGuid = {61BA7C80-7FF9-4455-89D1-541C7BD5F76A}
	EndGlobalSection
EndGlobal
