
Microsoft Visual Studio Solution File, Format Version 12.00
# Visual Studio Version 17
VisualStudioVersion = 17.4.33213.308
MinimumVisualStudioVersion = 10.0.40219.1
Project("{9A19103F-16F7-4668-BE54-9A1E7A4F7556}") = "CityBIM", "CityBIM\CityBIM.csproj", "{BE8F677A-59A8-4EA5-89C8-706E6C6A07A4}"
EndProject
Project("{FAE04EC0-301F-11D3-BF4B-00C04F79EFBC}") = "BIMGISInteropLibs", "BIMGISInteropLibs\BIMGISInteropLibs.csproj", "{1AF486E9-ED18-492C-8400-3B446BC9390D}"
EndProject
Project("{FAE04EC0-301F-11D3-BF4B-00C04F79EFBC}") = "IFCTerrainGUI", "IFCTerrainGUI\IFCTerrainGUI.csproj", "{E898E701-4CEA-48B5-923D-CE85D393BC76}"
EndProject
Project("{FAE04EC0-301F-11D3-BF4B-00C04F79EFBC}") = "IFCTerrainCommand", "IFCTerrainCommand\IFCTerrainCommand.csproj", "{1DD59F9E-5B3C-47C6-ABF0-7151F379985F}"
EndProject
Project("{9A19103F-16F7-4668-BE54-9A1E7A4F7556}") = "BimGisCad", "BimGisCad\BimGisCad.csproj", "{4DAFBBD2-AD9C-4E52-9219-7E4F6E30866B}"
EndProject
Project("{FAE04EC0-301F-11D3-BF4B-00C04F79EFBC}") = "GuiHandler", "GuiHandler\GuiHandler.csproj", "{24352448-2CAB-4638-B4DB-326539381408}"
EndProject
Project("{D954291E-2A0B-460D-934E-DC6B0785DB48}") = "IFCGeorefShared", "IFCGeorefShared\IFCGeorefShared.shproj", "{D4BBC7BE-4E5E-4D84-A5A4-15B768FD15D4}"
EndProject
Project("{9A19103F-16F7-4668-BE54-9A1E7A4F7556}") = "IFCGeoRefCheckerCommand", "IFCGeoRefCheckerCommand\IFCGeoRefCheckerCommand.csproj", "{B08CE13A-12C9-4DF1-BDA1-2DE9BAF4FCF6}"
EndProject
Project("{9A19103F-16F7-4668-BE54-9A1E7A4F7556}") = "IFCGeoRefCheckerGUI", "IFCGeoRefCheckerGUI\IFCGeoRefCheckerGUI.csproj", "{9437EF30-80EF-4D0C-A90F-C724CB36A81C}"
EndProject
Project("{D954291E-2A0B-460D-934E-DC6B0785DB48}") = "CommonRevit", "CommonRevit\CommonRevit.shproj", "{D2709B80-47FD-45FB-A8A3-8A670A303E7D}"
EndProject
Project("{9A19103F-16F7-4668-BE54-9A1E7A4F7556}") = "DataCatPlugin", "DataCatPlugin\DataCatPlugin.csproj", "{B406FB8A-7481-4B5C-BD9F-D330A9BEA4BA}"
EndProject
Project("{B7DD6F7E-DEF8-4E67-B5B7-07EF123DB6F0}") = "DataCatPlugin_Installer", "DataCatPlugin_Installer\DataCatPlugin_Installer.wixproj", "{EA6DB144-316B-4B93-A4C2-381658D350A8}"
EndProject
Project("{B7DD6F7E-DEF8-4E67-B5B7-07EF123DB6F0}") = "CityBIM_InstallerWix4", "CityBIM_InstallerWix4\CityBIM_InstallerWix4.wixproj", "{9FC1F5F9-E481-4584-A24D-1370F8B28DCF}"
EndProject
Global
	GlobalSection(SolutionConfigurationPlatforms) = preSolution
		Debug_All|Any CPU = Debug_All|Any CPU
		Debug_All|ARM64 = Debug_All|ARM64
		Debug_All|x64 = Debug_All|x64
		Debug_All|x86 = Debug_All|x86
		Debug|Any CPU = Debug|Any CPU
		Debug|ARM64 = Debug|ARM64
		Debug|x64 = Debug|x64
		Debug|x86 = Debug|x86
		Release|Any CPU = Release|Any CPU
		Release|ARM64 = Release|ARM64
		Release|x64 = Release|x64
		Release|x86 = Release|x86
	EndGlobalSection
	GlobalSection(ProjectConfigurationPlatforms) = postSolution
		{BE8F677A-59A8-4EA5-89C8-706E6C6A07A4}.Debug_All|Any CPU.ActiveCfg = Debug|Any CPU
		{BE8F677A-59A8-4EA5-89C8-706E6C6A07A4}.Debug_All|Any CPU.Build.0 = Debug|Any CPU
		{BE8F677A-59A8-4EA5-89C8-706E6C6A07A4}.Debug_All|ARM64.ActiveCfg = Debug|Any CPU
		{BE8F677A-59A8-4EA5-89C8-706E6C6A07A4}.Debug_All|ARM64.Build.0 = Debug|Any CPU
		{BE8F677A-59A8-4EA5-89C8-706E6C6A07A4}.Debug_All|x64.ActiveCfg = Debug|Any CPU
		{BE8F677A-59A8-4EA5-89C8-706E6C6A07A4}.Debug_All|x64.Build.0 = Debug|Any CPU
		{BE8F677A-59A8-4EA5-89C8-706E6C6A07A4}.Debug_All|x86.ActiveCfg = Debug|Any CPU
		{BE8F677A-59A8-4EA5-89C8-706E6C6A07A4}.Debug_All|x86.Build.0 = Debug|Any CPU
		{BE8F677A-59A8-4EA5-89C8-706E6C6A07A4}.Debug|Any CPU.ActiveCfg = Debug|Any CPU
		{BE8F677A-59A8-4EA5-89C8-706E6C6A07A4}.Debug|Any CPU.Build.0 = Debug|Any CPU
		{BE8F677A-59A8-4EA5-89C8-706E6C6A07A4}.Debug|ARM64.ActiveCfg = Debug|Any CPU
		{BE8F677A-59A8-4EA5-89C8-706E6C6A07A4}.Debug|ARM64.Build.0 = Debug|Any CPU
		{BE8F677A-59A8-4EA5-89C8-706E6C6A07A4}.Debug|x64.ActiveCfg = Debug|Any CPU
		{BE8F677A-59A8-4EA5-89C8-706E6C6A07A4}.Debug|x64.Build.0 = Debug|Any CPU
		{BE8F677A-59A8-4EA5-89C8-706E6C6A07A4}.Debug|x86.ActiveCfg = Debug|Any CPU
		{BE8F677A-59A8-4EA5-89C8-706E6C6A07A4}.Debug|x86.Build.0 = Debug|Any CPU
		{BE8F677A-59A8-4EA5-89C8-706E6C6A07A4}.Release|Any CPU.ActiveCfg = Release|Any CPU
		{BE8F677A-59A8-4EA5-89C8-706E6C6A07A4}.Release|Any CPU.Build.0 = Release|Any CPU
		{BE8F677A-59A8-4EA5-89C8-706E6C6A07A4}.Release|ARM64.ActiveCfg = Release|Any CPU
		{BE8F677A-59A8-4EA5-89C8-706E6C6A07A4}.Release|ARM64.Build.0 = Release|Any CPU
		{BE8F677A-59A8-4EA5-89C8-706E6C6A07A4}.Release|x64.ActiveCfg = Release|Any CPU
		{BE8F677A-59A8-4EA5-89C8-706E6C6A07A4}.Release|x64.Build.0 = Release|Any CPU
		{BE8F677A-59A8-4EA5-89C8-706E6C6A07A4}.Release|x86.ActiveCfg = Release|Any CPU
		{BE8F677A-59A8-4EA5-89C8-706E6C6A07A4}.Release|x86.Build.0 = Release|Any CPU
		{1AF486E9-ED18-492C-8400-3B446BC9390D}.Debug_All|Any CPU.ActiveCfg = Debug|Any CPU
		{1AF486E9-ED18-492C-8400-3B446BC9390D}.Debug_All|Any CPU.Build.0 = Debug|Any CPU
		{1AF486E9-ED18-492C-8400-3B446BC9390D}.Debug_All|ARM64.ActiveCfg = Debug|Any CPU
		{1AF486E9-ED18-492C-8400-3B446BC9390D}.Debug_All|ARM64.Build.0 = Debug|Any CPU
		{1AF486E9-ED18-492C-8400-3B446BC9390D}.Debug_All|x64.ActiveCfg = Debug|x64
		{1AF486E9-ED18-492C-8400-3B446BC9390D}.Debug_All|x64.Build.0 = Debug|x64
		{1AF486E9-ED18-492C-8400-3B446BC9390D}.Debug_All|x86.ActiveCfg = Debug|Any CPU
		{1AF486E9-ED18-492C-8400-3B446BC9390D}.Debug_All|x86.Build.0 = Debug|Any CPU
		{1AF486E9-ED18-492C-8400-3B446BC9390D}.Debug|Any CPU.ActiveCfg = Debug|Any CPU
		{1AF486E9-ED18-492C-8400-3B446BC9390D}.Debug|Any CPU.Build.0 = Debug|Any CPU
		{1AF486E9-ED18-492C-8400-3B446BC9390D}.Debug|ARM64.ActiveCfg = Debug|Any CPU
		{1AF486E9-ED18-492C-8400-3B446BC9390D}.Debug|ARM64.Build.0 = Debug|Any CPU
		{1AF486E9-ED18-492C-8400-3B446BC9390D}.Debug|x64.ActiveCfg = Debug|x64
		{1AF486E9-ED18-492C-8400-3B446BC9390D}.Debug|x64.Build.0 = Debug|x64
		{1AF486E9-ED18-492C-8400-3B446BC9390D}.Debug|x86.ActiveCfg = Debug|Any CPU
		{1AF486E9-ED18-492C-8400-3B446BC9390D}.Debug|x86.Build.0 = Debug|Any CPU
		{1AF486E9-ED18-492C-8400-3B446BC9390D}.Release|Any CPU.ActiveCfg = Release|Any CPU
		{1AF486E9-ED18-492C-8400-3B446BC9390D}.Release|Any CPU.Build.0 = Release|Any CPU
		{1AF486E9-ED18-492C-8400-3B446BC9390D}.Release|ARM64.ActiveCfg = Release|Any CPU
		{1AF486E9-ED18-492C-8400-3B446BC9390D}.Release|ARM64.Build.0 = Release|Any CPU
		{1AF486E9-ED18-492C-8400-3B446BC9390D}.Release|x64.ActiveCfg = Release|x64
		{1AF486E9-ED18-492C-8400-3B446BC9390D}.Release|x64.Build.0 = Release|x64
		{1AF486E9-ED18-492C-8400-3B446BC9390D}.Release|x86.ActiveCfg = Release|Any CPU
		{1AF486E9-ED18-492C-8400-3B446BC9390D}.Release|x86.Build.0 = Release|Any CPU
		{E898E701-4CEA-48B5-923D-CE85D393BC76}.Debug_All|Any CPU.ActiveCfg = Debug|Any CPU
		{E898E701-4CEA-48B5-923D-CE85D393BC76}.Debug_All|Any CPU.Build.0 = Debug|Any CPU
		{E898E701-4CEA-48B5-923D-CE85D393BC76}.Debug_All|ARM64.ActiveCfg = Debug|Any CPU
		{E898E701-4CEA-48B5-923D-CE85D393BC76}.Debug_All|ARM64.Build.0 = Debug|Any CPU
		{E898E701-4CEA-48B5-923D-CE85D393BC76}.Debug_All|x64.ActiveCfg = Debug|Any CPU
		{E898E701-4CEA-48B5-923D-CE85D393BC76}.Debug_All|x64.Build.0 = Debug|Any CPU
		{E898E701-4CEA-48B5-923D-CE85D393BC76}.Debug_All|x86.ActiveCfg = Debug|Any CPU
		{E898E701-4CEA-48B5-923D-CE85D393BC76}.Debug_All|x86.Build.0 = Debug|Any CPU
		{E898E701-4CEA-48B5-923D-CE85D393BC76}.Debug|Any CPU.ActiveCfg = Debug|Any CPU
		{E898E701-4CEA-48B5-923D-CE85D393BC76}.Debug|Any CPU.Build.0 = Debug|Any CPU
		{E898E701-4CEA-48B5-923D-CE85D393BC76}.Debug|ARM64.ActiveCfg = Debug|Any CPU
		{E898E701-4CEA-48B5-923D-CE85D393BC76}.Debug|ARM64.Build.0 = Debug|Any CPU
		{E898E701-4CEA-48B5-923D-CE85D393BC76}.Debug|x64.ActiveCfg = Debug|Any CPU
		{E898E701-4CEA-48B5-923D-CE85D393BC76}.Debug|x64.Build.0 = Debug|Any CPU
		{E898E701-4CEA-48B5-923D-CE85D393BC76}.Debug|x86.ActiveCfg = Debug|Any CPU
		{E898E701-4CEA-48B5-923D-CE85D393BC76}.Debug|x86.Build.0 = Debug|Any CPU
		{E898E701-4CEA-48B5-923D-CE85D393BC76}.Release|Any CPU.ActiveCfg = Release|Any CPU
		{E898E701-4CEA-48B5-923D-CE85D393BC76}.Release|Any CPU.Build.0 = Release|Any CPU
		{E898E701-4CEA-48B5-923D-CE85D393BC76}.Release|ARM64.ActiveCfg = Release|Any CPU
		{E898E701-4CEA-48B5-923D-CE85D393BC76}.Release|ARM64.Build.0 = Release|Any CPU
		{E898E701-4CEA-48B5-923D-CE85D393BC76}.Release|x64.ActiveCfg = Release|Any CPU
		{E898E701-4CEA-48B5-923D-CE85D393BC76}.Release|x64.Build.0 = Release|Any CPU
		{E898E701-4CEA-48B5-923D-CE85D393BC76}.Release|x86.ActiveCfg = Release|Any CPU
		{E898E701-4CEA-48B5-923D-CE85D393BC76}.Release|x86.Build.0 = Release|Any CPU
		{1DD59F9E-5B3C-47C6-ABF0-7151F379985F}.Debug_All|Any CPU.ActiveCfg = Debug|Any CPU
		{1DD59F9E-5B3C-47C6-ABF0-7151F379985F}.Debug_All|Any CPU.Build.0 = Debug|Any CPU
		{1DD59F9E-5B3C-47C6-ABF0-7151F379985F}.Debug_All|ARM64.ActiveCfg = Debug|Any CPU
		{1DD59F9E-5B3C-47C6-ABF0-7151F379985F}.Debug_All|ARM64.Build.0 = Debug|Any CPU
		{1DD59F9E-5B3C-47C6-ABF0-7151F379985F}.Debug_All|x64.ActiveCfg = Debug|Any CPU
		{1DD59F9E-5B3C-47C6-ABF0-7151F379985F}.Debug_All|x64.Build.0 = Debug|Any CPU
		{1DD59F9E-5B3C-47C6-ABF0-7151F379985F}.Debug_All|x86.ActiveCfg = Debug|Any CPU
		{1DD59F9E-5B3C-47C6-ABF0-7151F379985F}.Debug_All|x86.Build.0 = Debug|Any CPU
		{1DD59F9E-5B3C-47C6-ABF0-7151F379985F}.Debug|Any CPU.ActiveCfg = Debug|Any CPU
		{1DD59F9E-5B3C-47C6-ABF0-7151F379985F}.Debug|Any CPU.Build.0 = Debug|Any CPU
		{1DD59F9E-5B3C-47C6-ABF0-7151F379985F}.Debug|ARM64.ActiveCfg = Debug|Any CPU
		{1DD59F9E-5B3C-47C6-ABF0-7151F379985F}.Debug|ARM64.Build.0 = Debug|Any CPU
		{1DD59F9E-5B3C-47C6-ABF0-7151F379985F}.Debug|x64.ActiveCfg = Debug|Any CPU
		{1DD59F9E-5B3C-47C6-ABF0-7151F379985F}.Debug|x64.Build.0 = Debug|Any CPU
		{1DD59F9E-5B3C-47C6-ABF0-7151F379985F}.Debug|x86.ActiveCfg = Debug|Any CPU
		{1DD59F9E-5B3C-47C6-ABF0-7151F379985F}.Debug|x86.Build.0 = Debug|Any CPU
		{1DD59F9E-5B3C-47C6-ABF0-7151F379985F}.Release|Any CPU.ActiveCfg = Release|Any CPU
		{1DD59F9E-5B3C-47C6-ABF0-7151F379985F}.Release|Any CPU.Build.0 = Release|Any CPU
		{1DD59F9E-5B3C-47C6-ABF0-7151F379985F}.Release|ARM64.ActiveCfg = Release|Any CPU
		{1DD59F9E-5B3C-47C6-ABF0-7151F379985F}.Release|ARM64.Build.0 = Release|Any CPU
		{1DD59F9E-5B3C-47C6-ABF0-7151F379985F}.Release|x64.ActiveCfg = Release|Any CPU
		{1DD59F9E-5B3C-47C6-ABF0-7151F379985F}.Release|x64.Build.0 = Release|Any CPU
		{1DD59F9E-5B3C-47C6-ABF0-7151F379985F}.Release|x86.ActiveCfg = Release|Any CPU
		{1DD59F9E-5B3C-47C6-ABF0-7151F379985F}.Release|x86.Build.0 = Release|Any CPU
		{4DAFBBD2-AD9C-4E52-9219-7E4F6E30866B}.Debug_All|Any CPU.ActiveCfg = Debug|Any CPU
		{4DAFBBD2-AD9C-4E52-9219-7E4F6E30866B}.Debug_All|Any CPU.Build.0 = Debug|Any CPU
		{4DAFBBD2-AD9C-4E52-9219-7E4F6E30866B}.Debug_All|ARM64.ActiveCfg = Debug|Any CPU
		{4DAFBBD2-AD9C-4E52-9219-7E4F6E30866B}.Debug_All|ARM64.Build.0 = Debug|Any CPU
		{4DAFBBD2-AD9C-4E52-9219-7E4F6E30866B}.Debug_All|x64.ActiveCfg = Debug|x64
		{4DAFBBD2-AD9C-4E52-9219-7E4F6E30866B}.Debug_All|x64.Build.0 = Debug|x64
		{4DAFBBD2-AD9C-4E52-9219-7E4F6E30866B}.Debug_All|x86.ActiveCfg = Debug|Any CPU
		{4DAFBBD2-AD9C-4E52-9219-7E4F6E30866B}.Debug_All|x86.Build.0 = Debug|Any CPU
		{4DAFBBD2-AD9C-4E52-9219-7E4F6E30866B}.Debug|Any CPU.ActiveCfg = Debug|Any CPU
		{4DAFBBD2-AD9C-4E52-9219-7E4F6E30866B}.Debug|Any CPU.Build.0 = Debug|Any CPU
		{4DAFBBD2-AD9C-4E52-9219-7E4F6E30866B}.Debug|ARM64.ActiveCfg = Debug|Any CPU
		{4DAFBBD2-AD9C-4E52-9219-7E4F6E30866B}.Debug|ARM64.Build.0 = Debug|Any CPU
		{4DAFBBD2-AD9C-4E52-9219-7E4F6E30866B}.Debug|x64.ActiveCfg = Debug|Any CPU
		{4DAFBBD2-AD9C-4E52-9219-7E4F6E30866B}.Debug|x64.Build.0 = Debug|Any CPU
		{4DAFBBD2-AD9C-4E52-9219-7E4F6E30866B}.Debug|x86.ActiveCfg = Debug|Any CPU
		{4DAFBBD2-AD9C-4E52-9219-7E4F6E30866B}.Debug|x86.Build.0 = Debug|Any CPU
		{4DAFBBD2-AD9C-4E52-9219-7E4F6E30866B}.Release|Any CPU.ActiveCfg = Release|Any CPU
		{4DAFBBD2-AD9C-4E52-9219-7E4F6E30866B}.Release|Any CPU.Build.0 = Release|Any CPU
		{4DAFBBD2-AD9C-4E52-9219-7E4F6E30866B}.Release|ARM64.ActiveCfg = Release|Any CPU
		{4DAFBBD2-AD9C-4E52-9219-7E4F6E30866B}.Release|ARM64.Build.0 = Release|Any CPU
		{4DAFBBD2-AD9C-4E52-9219-7E4F6E30866B}.Release|x64.ActiveCfg = Release|x64
		{4DAFBBD2-AD9C-4E52-9219-7E4F6E30866B}.Release|x64.Build.0 = Release|x64
		{4DAFBBD2-AD9C-4E52-9219-7E4F6E30866B}.Release|x86.ActiveCfg = Release|Any CPU
		{4DAFBBD2-AD9C-4E52-9219-7E4F6E30866B}.Release|x86.Build.0 = Release|Any CPU
		{24352448-2CAB-4638-B4DB-326539381408}.Debug_All|Any CPU.ActiveCfg = Debug|Any CPU
		{24352448-2CAB-4638-B4DB-326539381408}.Debug_All|Any CPU.Build.0 = Debug|Any CPU
		{24352448-2CAB-4638-B4DB-326539381408}.Debug_All|ARM64.ActiveCfg = Debug|Any CPU
		{24352448-2CAB-4638-B4DB-326539381408}.Debug_All|ARM64.Build.0 = Debug|Any CPU
		{24352448-2CAB-4638-B4DB-326539381408}.Debug_All|x64.ActiveCfg = Debug|Any CPU
		{24352448-2CAB-4638-B4DB-326539381408}.Debug_All|x64.Build.0 = Debug|Any CPU
		{24352448-2CAB-4638-B4DB-326539381408}.Debug_All|x86.ActiveCfg = Debug|Any CPU
		{24352448-2CAB-4638-B4DB-326539381408}.Debug_All|x86.Build.0 = Debug|Any CPU
		{24352448-2CAB-4638-B4DB-326539381408}.Debug|Any CPU.ActiveCfg = Debug|Any CPU
		{24352448-2CAB-4638-B4DB-326539381408}.Debug|Any CPU.Build.0 = Debug|Any CPU
		{24352448-2CAB-4638-B4DB-326539381408}.Debug|ARM64.ActiveCfg = Debug|Any CPU
		{24352448-2CAB-4638-B4DB-326539381408}.Debug|ARM64.Build.0 = Debug|Any CPU
		{24352448-2CAB-4638-B4DB-326539381408}.Debug|x64.ActiveCfg = Debug|Any CPU
		{24352448-2CAB-4638-B4DB-326539381408}.Debug|x64.Build.0 = Debug|Any CPU
		{24352448-2CAB-4638-B4DB-326539381408}.Debug|x86.ActiveCfg = Debug|Any CPU
		{24352448-2CAB-4638-B4DB-326539381408}.Debug|x86.Build.0 = Debug|Any CPU
		{24352448-2CAB-4638-B4DB-326539381408}.Release|Any CPU.ActiveCfg = Release|Any CPU
		{24352448-2CAB-4638-B4DB-326539381408}.Release|Any CPU.Build.0 = Release|Any CPU
		{24352448-2CAB-4638-B4DB-326539381408}.Release|ARM64.ActiveCfg = Release|Any CPU
		{24352448-2CAB-4638-B4DB-326539381408}.Release|ARM64.Build.0 = Release|Any CPU
		{24352448-2CAB-4638-B4DB-326539381408}.Release|x64.ActiveCfg = Release|Any CPU
		{24352448-2CAB-4638-B4DB-326539381408}.Release|x64.Build.0 = Release|Any CPU
		{24352448-2CAB-4638-B4DB-326539381408}.Release|x86.ActiveCfg = Release|Any CPU
		{24352448-2CAB-4638-B4DB-326539381408}.Release|x86.Build.0 = Release|Any CPU
		{B08CE13A-12C9-4DF1-BDA1-2DE9BAF4FCF6}.Debug_All|Any CPU.ActiveCfg = Debug|Any CPU
		{B08CE13A-12C9-4DF1-BDA1-2DE9BAF4FCF6}.Debug_All|Any CPU.Build.0 = Debug|Any CPU
		{B08CE13A-12C9-4DF1-BDA1-2DE9BAF4FCF6}.Debug_All|ARM64.ActiveCfg = Debug|Any CPU
		{B08CE13A-12C9-4DF1-BDA1-2DE9BAF4FCF6}.Debug_All|ARM64.Build.0 = Debug|Any CPU
		{B08CE13A-12C9-4DF1-BDA1-2DE9BAF4FCF6}.Debug_All|x64.ActiveCfg = Debug|Any CPU
		{B08CE13A-12C9-4DF1-BDA1-2DE9BAF4FCF6}.Debug_All|x64.Build.0 = Debug|Any CPU
		{B08CE13A-12C9-4DF1-BDA1-2DE9BAF4FCF6}.Debug_All|x86.ActiveCfg = Debug|Any CPU
		{B08CE13A-12C9-4DF1-BDA1-2DE9BAF4FCF6}.Debug_All|x86.Build.0 = Debug|Any CPU
		{B08CE13A-12C9-4DF1-BDA1-2DE9BAF4FCF6}.Debug|Any CPU.ActiveCfg = Debug|Any CPU
		{B08CE13A-12C9-4DF1-BDA1-2DE9BAF4FCF6}.Debug|Any CPU.Build.0 = Debug|Any CPU
		{B08CE13A-12C9-4DF1-BDA1-2DE9BAF4FCF6}.Debug|ARM64.ActiveCfg = Debug|Any CPU
		{B08CE13A-12C9-4DF1-BDA1-2DE9BAF4FCF6}.Debug|ARM64.Build.0 = Debug|Any CPU
		{B08CE13A-12C9-4DF1-BDA1-2DE9BAF4FCF6}.Debug|x64.ActiveCfg = Debug|Any CPU
		{B08CE13A-12C9-4DF1-BDA1-2DE9BAF4FCF6}.Debug|x64.Build.0 = Debug|Any CPU
		{B08CE13A-12C9-4DF1-BDA1-2DE9BAF4FCF6}.Debug|x86.ActiveCfg = Debug|Any CPU
		{B08CE13A-12C9-4DF1-BDA1-2DE9BAF4FCF6}.Debug|x86.Build.0 = Debug|Any CPU
		{B08CE13A-12C9-4DF1-BDA1-2DE9BAF4FCF6}.Release|Any CPU.ActiveCfg = Release|Any CPU
		{B08CE13A-12C9-4DF1-BDA1-2DE9BAF4FCF6}.Release|Any CPU.Build.0 = Release|Any CPU
		{B08CE13A-12C9-4DF1-BDA1-2DE9BAF4FCF6}.Release|ARM64.ActiveCfg = Release|Any CPU
		{B08CE13A-12C9-4DF1-BDA1-2DE9BAF4FCF6}.Release|ARM64.Build.0 = Release|Any CPU
		{B08CE13A-12C9-4DF1-BDA1-2DE9BAF4FCF6}.Release|x64.ActiveCfg = Release|Any CPU
		{B08CE13A-12C9-4DF1-BDA1-2DE9BAF4FCF6}.Release|x64.Build.0 = Release|Any CPU
		{B08CE13A-12C9-4DF1-BDA1-2DE9BAF4FCF6}.Release|x86.ActiveCfg = Release|Any CPU
		{B08CE13A-12C9-4DF1-BDA1-2DE9BAF4FCF6}.Release|x86.Build.0 = Release|Any CPU
		{9437EF30-80EF-4D0C-A90F-C724CB36A81C}.Debug_All|Any CPU.ActiveCfg = Debug|Any CPU
		{9437EF30-80EF-4D0C-A90F-C724CB36A81C}.Debug_All|Any CPU.Build.0 = Debug|Any CPU
		{9437EF30-80EF-4D0C-A90F-C724CB36A81C}.Debug_All|ARM64.ActiveCfg = Debug|Any CPU
		{9437EF30-80EF-4D0C-A90F-C724CB36A81C}.Debug_All|ARM64.Build.0 = Debug|Any CPU
		{9437EF30-80EF-4D0C-A90F-C724CB36A81C}.Debug_All|x64.ActiveCfg = Debug|Any CPU
		{9437EF30-80EF-4D0C-A90F-C724CB36A81C}.Debug_All|x64.Build.0 = Debug|Any CPU
		{9437EF30-80EF-4D0C-A90F-C724CB36A81C}.Debug_All|x86.ActiveCfg = Debug|Any CPU
		{9437EF30-80EF-4D0C-A90F-C724CB36A81C}.Debug_All|x86.Build.0 = Debug|Any CPU
		{9437EF30-80EF-4D0C-A90F-C724CB36A81C}.Debug|Any CPU.ActiveCfg = Debug|Any CPU
		{9437EF30-80EF-4D0C-A90F-C724CB36A81C}.Debug|Any CPU.Build.0 = Debug|Any CPU
		{9437EF30-80EF-4D0C-A90F-C724CB36A81C}.Debug|ARM64.ActiveCfg = Debug|Any CPU
		{9437EF30-80EF-4D0C-A90F-C724CB36A81C}.Debug|ARM64.Build.0 = Debug|Any CPU
		{9437EF30-80EF-4D0C-A90F-C724CB36A81C}.Debug|x64.ActiveCfg = Debug|Any CPU
		{9437EF30-80EF-4D0C-A90F-C724CB36A81C}.Debug|x64.Build.0 = Debug|Any CPU
		{9437EF30-80EF-4D0C-A90F-C724CB36A81C}.Debug|x86.ActiveCfg = Debug|Any CPU
		{9437EF30-80EF-4D0C-A90F-C724CB36A81C}.Debug|x86.Build.0 = Debug|Any CPU
		{9437EF30-80EF-4D0C-A90F-C724CB36A81C}.Release|Any CPU.ActiveCfg = Release|Any CPU
		{9437EF30-80EF-4D0C-A90F-C724CB36A81C}.Release|Any CPU.Build.0 = Release|Any CPU
		{9437EF30-80EF-4D0C-A90F-C724CB36A81C}.Release|ARM64.ActiveCfg = Release|Any CPU
		{9437EF30-80EF-4D0C-A90F-C724CB36A81C}.Release|ARM64.Build.0 = Release|Any CPU
		{9437EF30-80EF-4D0C-A90F-C724CB36A81C}.Release|x64.ActiveCfg = Release|Any CPU
		{9437EF30-80EF-4D0C-A90F-C724CB36A81C}.Release|x64.Build.0 = Release|Any CPU
		{9437EF30-80EF-4D0C-A90F-C724CB36A81C}.Release|x86.ActiveCfg = Release|Any CPU
		{9437EF30-80EF-4D0C-A90F-C724CB36A81C}.Release|x86.Build.0 = Release|Any CPU
		{B406FB8A-7481-4B5C-BD9F-D330A9BEA4BA}.Debug_All|Any CPU.ActiveCfg = Debug_All|Any CPU
		{B406FB8A-7481-4B5C-BD9F-D330A9BEA4BA}.Debug_All|Any CPU.Build.0 = Debug_All|Any CPU
		{B406FB8A-7481-4B5C-BD9F-D330A9BEA4BA}.Debug_All|ARM64.ActiveCfg = Debug_All|Any CPU
		{B406FB8A-7481-4B5C-BD9F-D330A9BEA4BA}.Debug_All|ARM64.Build.0 = Debug_All|Any CPU
		{B406FB8A-7481-4B5C-BD9F-D330A9BEA4BA}.Debug_All|x64.ActiveCfg = Debug_All|Any CPU
		{B406FB8A-7481-4B5C-BD9F-D330A9BEA4BA}.Debug_All|x64.Build.0 = Debug_All|Any CPU
		{B406FB8A-7481-4B5C-BD9F-D330A9BEA4BA}.Debug_All|x86.ActiveCfg = Debug_All|Any CPU
		{B406FB8A-7481-4B5C-BD9F-D330A9BEA4BA}.Debug_All|x86.Build.0 = Debug_All|Any CPU
		{B406FB8A-7481-4B5C-BD9F-D330A9BEA4BA}.Debug|Any CPU.ActiveCfg = Debug|Any CPU
		{B406FB8A-7481-4B5C-BD9F-D330A9BEA4BA}.Debug|Any CPU.Build.0 = Debug|Any CPU
		{B406FB8A-7481-4B5C-BD9F-D330A9BEA4BA}.Debug|ARM64.ActiveCfg = Debug|Any CPU
		{B406FB8A-7481-4B5C-BD9F-D330A9BEA4BA}.Debug|ARM64.Build.0 = Debug|Any CPU
		{B406FB8A-7481-4B5C-BD9F-D330A9BEA4BA}.Debug|x64.ActiveCfg = Debug|Any CPU
		{B406FB8A-7481-4B5C-BD9F-D330A9BEA4BA}.Debug|x64.Build.0 = Debug|Any CPU
		{B406FB8A-7481-4B5C-BD9F-D330A9BEA4BA}.Debug|x86.ActiveCfg = Debug|Any CPU
		{B406FB8A-7481-4B5C-BD9F-D330A9BEA4BA}.Debug|x86.Build.0 = Debug|Any CPU
		{B406FB8A-7481-4B5C-BD9F-D330A9BEA4BA}.Release|Any CPU.ActiveCfg = Release|Any CPU
		{B406FB8A-7481-4B5C-BD9F-D330A9BEA4BA}.Release|Any CPU.Build.0 = Release|Any CPU
		{B406FB8A-7481-4B5C-BD9F-D330A9BEA4BA}.Release|ARM64.ActiveCfg = Release|Any CPU
		{B406FB8A-7481-4B5C-BD9F-D330A9BEA4BA}.Release|ARM64.Build.0 = Release|Any CPU
		{B406FB8A-7481-4B5C-BD9F-D330A9BEA4BA}.Release|x64.ActiveCfg = Release|Any CPU
		{B406FB8A-7481-4B5C-BD9F-D330A9BEA4BA}.Release|x64.Build.0 = Release|Any CPU
		{B406FB8A-7481-4B5C-BD9F-D330A9BEA4BA}.Release|x86.ActiveCfg = Release|Any CPU
		{B406FB8A-7481-4B5C-BD9F-D330A9BEA4BA}.Release|x86.Build.0 = Release|Any CPU
		{EA6DB144-316B-4B93-A4C2-381658D350A8}.Debug_All|Any CPU.ActiveCfg = Debug|x64
		{EA6DB144-316B-4B93-A4C2-381658D350A8}.Debug_All|Any CPU.Build.0 = Debug|x64
		{EA6DB144-316B-4B93-A4C2-381658D350A8}.Debug_All|ARM64.ActiveCfg = Debug|ARM64
		{EA6DB144-316B-4B93-A4C2-381658D350A8}.Debug_All|ARM64.Build.0 = Debug|ARM64
		{EA6DB144-316B-4B93-A4C2-381658D350A8}.Debug_All|x64.ActiveCfg = Debug|x64
		{EA6DB144-316B-4B93-A4C2-381658D350A8}.Debug_All|x64.Build.0 = Debug|x64
		{EA6DB144-316B-4B93-A4C2-381658D350A8}.Debug_All|x86.ActiveCfg = Debug|x86
		{EA6DB144-316B-4B93-A4C2-381658D350A8}.Debug_All|x86.Build.0 = Debug|x86
		{EA6DB144-316B-4B93-A4C2-381658D350A8}.Debug|Any CPU.ActiveCfg = Debug|x64
		{EA6DB144-316B-4B93-A4C2-381658D350A8}.Debug|Any CPU.Build.0 = Debug|x64
		{EA6DB144-316B-4B93-A4C2-381658D350A8}.Debug|ARM64.ActiveCfg = Debug|ARM64
		{EA6DB144-316B-4B93-A4C2-381658D350A8}.Debug|ARM64.Build.0 = Debug|ARM64
		{EA6DB144-316B-4B93-A4C2-381658D350A8}.Debug|x64.ActiveCfg = Debug|x64
		{EA6DB144-316B-4B93-A4C2-381658D350A8}.Debug|x64.Build.0 = Debug|x64
		{EA6DB144-316B-4B93-A4C2-381658D350A8}.Debug|x86.ActiveCfg = Debug|x86
		{EA6DB144-316B-4B93-A4C2-381658D350A8}.Debug|x86.Build.0 = Debug|x86
		{EA6DB144-316B-4B93-A4C2-381658D350A8}.Release|Any CPU.ActiveCfg = Release|x64
		{EA6DB144-316B-4B93-A4C2-381658D350A8}.Release|Any CPU.Build.0 = Release|x64
		{EA6DB144-316B-4B93-A4C2-381658D350A8}.Release|ARM64.ActiveCfg = Release|ARM64
		{EA6DB144-316B-4B93-A4C2-381658D350A8}.Release|ARM64.Build.0 = Release|ARM64
		{EA6DB144-316B-4B93-A4C2-381658D350A8}.Release|x64.ActiveCfg = Release|x64
		{EA6DB144-316B-4B93-A4C2-381658D350A8}.Release|x64.Build.0 = Release|x64
		{EA6DB144-316B-4B93-A4C2-381658D350A8}.Release|x86.ActiveCfg = Release|x86
		{EA6DB144-316B-4B93-A4C2-381658D350A8}.Release|x86.Build.0 = Release|x86
		{9FC1F5F9-E481-4584-A24D-1370F8B28DCF}.Debug_All|Any CPU.ActiveCfg = Debug|x64
		{9FC1F5F9-E481-4584-A24D-1370F8B28DCF}.Debug_All|Any CPU.Build.0 = Debug|x64
		{9FC1F5F9-E481-4584-A24D-1370F8B28DCF}.Debug_All|ARM64.ActiveCfg = Debug|ARM64
		{9FC1F5F9-E481-4584-A24D-1370F8B28DCF}.Debug_All|ARM64.Build.0 = Debug|ARM64
		{9FC1F5F9-E481-4584-A24D-1370F8B28DCF}.Debug_All|x64.ActiveCfg = Debug|x64
		{9FC1F5F9-E481-4584-A24D-1370F8B28DCF}.Debug_All|x64.Build.0 = Debug|x64
		{9FC1F5F9-E481-4584-A24D-1370F8B28DCF}.Debug_All|x86.ActiveCfg = Debug|x86
		{9FC1F5F9-E481-4584-A24D-1370F8B28DCF}.Debug_All|x86.Build.0 = Debug|x86
		{9FC1F5F9-E481-4584-A24D-1370F8B28DCF}.Debug|Any CPU.ActiveCfg = Debug|x64
		{9FC1F5F9-E481-4584-A24D-1370F8B28DCF}.Debug|Any CPU.Build.0 = Debug|x64
		{9FC1F5F9-E481-4584-A24D-1370F8B28DCF}.Debug|ARM64.ActiveCfg = Debug|ARM64
		{9FC1F5F9-E481-4584-A24D-1370F8B28DCF}.Debug|ARM64.Build.0 = Debug|ARM64
		{9FC1F5F9-E481-4584-A24D-1370F8B28DCF}.Debug|x64.ActiveCfg = Debug|x64
		{9FC1F5F9-E481-4584-A24D-1370F8B28DCF}.Debug|x64.Build.0 = Debug|x64
		{9FC1F5F9-E481-4584-A24D-1370F8B28DCF}.Debug|x86.ActiveCfg = Debug|x86
		{9FC1F5F9-E481-4584-A24D-1370F8B28DCF}.Debug|x86.Build.0 = Debug|x86
		{9FC1F5F9-E481-4584-A24D-1370F8B28DCF}.Release|Any CPU.ActiveCfg = Release|x64
		{9FC1F5F9-E481-4584-A24D-1370F8B28DCF}.Release|Any CPU.Build.0 = Release|x64
		{9FC1F5F9-E481-4584-A24D-1370F8B28DCF}.Release|ARM64.ActiveCfg = Release|ARM64
		{9FC1F5F9-E481-4584-A24D-1370F8B28DCF}.Release|ARM64.Build.0 = Release|ARM64
		{9FC1F5F9-E481-4584-A24D-1370F8B28DCF}.Release|x64.ActiveCfg = Release|x64
		{9FC1F5F9-E481-4584-A24D-1370F8B28DCF}.Release|x64.Build.0 = Release|x64
		{9FC1F5F9-E481-4584-A24D-1370F8B28DCF}.Release|x86.ActiveCfg = Release|x86
		{9FC1F5F9-E481-4584-A24D-1370F8B28DCF}.Release|x86.Build.0 = Release|x86
	EndGlobalSection
	GlobalSection(SolutionProperties) = preSolution
		HideSolutionNode = FALSE
	EndGlobalSection
	GlobalSection(ExtensibilityGlobals) = postSolution
		SolutionGuid = {61BA7C80-7FF9-4455-89D1-541C7BD5F76A}
	EndGlobalSection
	GlobalSection(SharedMSBuildProjectFiles) = preSolution
		IFCGeorefShared\IFCGeorefShared.projitems*{9437ef30-80ef-4d0c-a90f-c724cb36a81c}*SharedItemsImports = 5
		IFCGeorefShared\IFCGeorefShared.projitems*{b08ce13a-12c9-4df1-bda1-2de9baf4fcf6}*SharedItemsImports = 5
		CommonRevit\CommonRevit.projitems*{b406fb8a-7481-4b5c-bd9f-d330a9bea4ba}*SharedItemsImports = 5
		CommonRevit\CommonRevit.projitems*{be8f677a-59a8-4ea5-89c8-706e6c6a07a4}*SharedItemsImports = 5
		CommonRevit\CommonRevit.projitems*{d2709b80-47fd-45fb-a8a3-8a670a303e7d}*SharedItemsImports = 13
		IFCGeorefShared\IFCGeorefShared.projitems*{d4bbc7be-4e5e-4d84-a5a4-15b768fd15d4}*SharedItemsImports = 13
	EndGlobalSection
EndGlobal
